
Microsoft Visual Studio Solution File, Format Version 11.00
# Visual Studio 2010
Project("{FAE04EC0-301F-11D3-BF4B-00C04F79EFBC}") = "LocalizationSample", "LocalizationSample\LocalizationSample.csproj", "{3A3A732B-215A-4BF5-85DC-B90BC3B08CEE}"
EndProject
Project("{FAE04EC0-301F-11D3-BF4B-00C04F79EFBC}") = "LocalizationSample.Web", "LocalizationSample.Web\LocalizationSample.Web.csproj", "{360874E2-69E3-4161-A035-06743DAF59F7}"
EndProject
Global
	GlobalSection(SolutionConfigurationPlatforms) = preSolution
		Debug|Any CPU = Debug|Any CPU
		Release|Any CPU = Release|Any CPU
	EndGlobalSection
	GlobalSection(ProjectConfigurationPlatforms) = postSolution
		{3A3A732B-215A-4BF5-85DC-B90BC3B08CEE}.Debug|Any CPU.ActiveCfg = Debug|Any CPU
		{3A3A732B-215A-4BF5-85DC-B90BC3B08CEE}.Debug|Any CPU.Build.0 = Debug|Any CPU
		{3A3A732B-215A-4BF5-85DC-B90BC3B08CEE}.Release|Any CPU.ActiveCfg = Release|Any CPU
		{3A3A732B-215A-4BF5-85DC-B90BC3B08CEE}.Release|Any CPU.Build.0 = Release|Any CPU
		{360874E2-69E3-4161-A035-06743DAF59F7}.Debug|Any CPU.ActiveCfg = Debug|Any CPU
		{360874E2-69E3-4161-A035-06743DAF59F7}.Debug|Any CPU.Build.0 = Debug|Any CPU
		{360874E2-69E3-4161-A035-06743DAF59F7}.Release|Any CPU.ActiveCfg = Release|Any CPU
		{360874E2-69E3-4161-A035-06743DAF59F7}.Release|Any CPU.Build.0 = Release|Any CPU
	EndGlobalSection
	GlobalSection(SolutionProperties) = preSolution
		HideSolutionNode = FALSE
	EndGlobalSection
EndGlobal
